
Microsoft Visual Studio Solution File, Format Version 12.00
# Visual Studio Version 17
VisualStudioVersion = 17.0.31903.59
MinimumVisualStudioVersion = 10.0.40219.1
Project("{2150E333-8FDC-42A3-9474-1A3956D46DE8}") = "src", "src", "{140550CE-84EC-4C63-BA38-7FA302187AE7}"
EndProject
Project("{9A19103F-16F7-4668-BE54-9A1E7A4F7556}") = "App", "src\App\App.csproj", "{D13FF4C7-0D57-4CC5-AB15-2F331AF47714}"
EndProject
Project("{9A19103F-16F7-4668-BE54-9A1E7A4F7556}") = "Domain", "src\Domain\Domain.csproj", "{D44D7345-65F9-4ACA-B625-8F9433860D2A}"
EndProject
Project("{FAE04EC0-301F-11D3-BF4B-00C04F79EFBC}") = "Domain.tests", "Domain.tests\Domain.tests.csproj", "{D4DC0D2E-C324-4926-8263-3D6F4D7D1322}"
EndProject
Global
	GlobalSection(SolutionConfigurationPlatforms) = preSolution
		Debug|Any CPU = Debug|Any CPU
		Release|Any CPU = Release|Any CPU
	EndGlobalSection
	GlobalSection(ProjectConfigurationPlatforms) = postSolution
		{D13FF4C7-0D57-4CC5-AB15-2F331AF47714}.Debug|Any CPU.ActiveCfg = Debug|Any CPU
		{D13FF4C7-0D57-4CC5-AB15-2F331AF47714}.Debug|Any CPU.Build.0 = Debug|Any CPU
		{D13FF4C7-0D57-4CC5-AB15-2F331AF47714}.Release|Any CPU.ActiveCfg = Release|Any CPU
		{D13FF4C7-0D57-4CC5-AB15-2F331AF47714}.Release|Any CPU.Build.0 = Release|Any CPU
		{D44D7345-65F9-4ACA-B625-8F9433860D2A}.Debug|Any CPU.ActiveCfg = Debug|Any CPU
		{D44D7345-65F9-4ACA-B625-8F9433860D2A}.Debug|Any CPU.Build.0 = Debug|Any CPU
		{D44D7345-65F9-4ACA-B625-8F9433860D2A}.Release|Any CPU.ActiveCfg = Release|Any CPU
		{D44D7345-65F9-4ACA-B625-8F9433860D2A}.Release|Any CPU.Build.0 = Release|Any CPU
		{D4DC0D2E-C324-4926-8263-3D6F4D7D1322}.Debug|Any CPU.ActiveCfg = Debug|Any CPU
		{D4DC0D2E-C324-4926-8263-3D6F4D7D1322}.Debug|Any CPU.Build.0 = Debug|Any CPU
		{D4DC0D2E-C324-4926-8263-3D6F4D7D1322}.Release|Any CPU.ActiveCfg = Release|Any CPU
		{D4DC0D2E-C324-4926-8263-3D6F4D7D1322}.Release|Any CPU.Build.0 = Release|Any CPU
	EndGlobalSection
	GlobalSection(SolutionProperties) = preSolution
		HideSolutionNode = FALSE
	EndGlobalSection
	GlobalSection(NestedProjects) = preSolution
		{D13FF4C7-0D57-4CC5-AB15-2F331AF47714} = {140550CE-84EC-4C63-BA38-7FA302187AE7}
		{D44D7345-65F9-4ACA-B625-8F9433860D2A} = {140550CE-84EC-4C63-BA38-7FA302187AE7}
	EndGlobalSection
	GlobalSection(ExtensibilityGlobals) = postSolution
		SolutionGuid = {070AA12D-5BF3-4BB5-B165-C77626A00186}
	EndGlobalSection
EndGlobal
